
Microsoft Visual Studio Solution File, Format Version 12.00
# Visual Studio Version 17
VisualStudioVersion = 17.10.35122.118
MinimumVisualStudioVersion = 10.0.40219.1
Project("{FAE04EC0-301F-11D3-BF4B-00C04F79EFBC}") = "MATH_CALC_COM", "MATH_CALC_COM\MATH_CALC_COM.csproj", "{22F220DE-FE8A-4B23-9C22-E7725BC04462}"
EndProject
Global
	GlobalSection(SolutionConfigurationPlatforms) = preSolution
		Debug|Any CPU = Debug|Any CPU
		Release|Any CPU = Release|Any CPU
	EndGlobalSection
	GlobalSection(ProjectConfigurationPlatforms) = postSolution
		{22F220DE-FE8A-4B23-9C22-E7725BC04462}.Debug|Any CPU.ActiveCfg = Debug|Any CPU
		{22F220DE-FE8A-4B23-9C22-E7725BC04462}.Debug|Any CPU.Build.0 = Debug|Any CPU
		{22F220DE-FE8A-4B23-9C22-E7725BC04462}.Release|Any CPU.ActiveCfg = Release|Any CPU
		{22F220DE-FE8A-4B23-9C22-E7725BC04462}.Release|Any CPU.Build.0 = Release|Any CPU
	EndGlobalSection
	GlobalSection(SolutionProperties) = preSolution
		HideSolutionNode = FALSE
	EndGlobalSection
	GlobalSection(ExtensibilityGlobals) = postSolution
		SolutionGuid = {EC682066-FA12-4844-879C-07D530BD55A1}
	EndGlobalSection
EndGlobal
